
Microsoft Visual Studio Solution File, Format Version 12.00
# Visual Studio Version 16
VisualStudioVersion = 16.0.29306.81
MinimumVisualStudioVersion = 10.0.40219.1
Project("{FAE04EC0-301F-11D3-BF4B-00C04F79EFBC}") = "Speetro.Android", "Speetro\Speetro.Android\Speetro.Android.csproj", "{5BE2B90C-EA6F-4318-BAF0-705FBD7C6A22}"
EndProject
Project("{FAE04EC0-301F-11D3-BF4B-00C04F79EFBC}") = "Speetro.iOS", "Speetro\Speetro.iOS\Speetro.iOS.csproj", "{722EDA22-3D70-40B2-8487-E159B965572B}"
EndProject
Project("{9A19103F-16F7-4668-BE54-9A1E7A4F7556}") = "Speetro", "Speetro\Speetro\Speetro.csproj", "{B6A3BCE6-10D4-4197-99BF-35D38B82A8E4}"
EndProject
Global
	GlobalSection(SolutionConfigurationPlatforms) = preSolution
		Ad-Hoc|Any CPU = Ad-Hoc|Any CPU
		Ad-Hoc|iPhone = Ad-Hoc|iPhone
		Ad-Hoc|iPhoneSimulator = Ad-Hoc|iPhoneSimulator
		AppStore|Any CPU = AppStore|Any CPU
		AppStore|iPhone = AppStore|iPhone
		AppStore|iPhoneSimulator = AppStore|iPhoneSimulator
		Debug|Any CPU = Debug|Any CPU
		Debug|iPhone = Debug|iPhone
		Debug|iPhoneSimulator = Debug|iPhoneSimulator
		Release|Any CPU = Release|Any CPU
		Release|iPhone = Release|iPhone
		Release|iPhoneSimulator = Release|iPhoneSimulator
	EndGlobalSection
	GlobalSection(ProjectConfigurationPlatforms) = postSolution
		{5BE2B90C-EA6F-4318-BAF0-705FBD7C6A22}.Ad-Hoc|Any CPU.ActiveCfg = Release|Any CPU
		{5BE2B90C-EA6F-4318-BAF0-705FBD7C6A22}.Ad-Hoc|Any CPU.Build.0 = Release|Any CPU
		{5BE2B90C-EA6F-4318-BAF0-705FBD7C6A22}.Ad-Hoc|Any CPU.Deploy.0 = Release|Any CPU
		{5BE2B90C-EA6F-4318-BAF0-705FBD7C6A22}.Ad-Hoc|iPhone.ActiveCfg = Release|Any CPU
		{5BE2B90C-EA6F-4318-BAF0-705FBD7C6A22}.Ad-Hoc|iPhone.Build.0 = Release|Any CPU
		{5BE2B90C-EA6F-4318-BAF0-705FBD7C6A22}.Ad-Hoc|iPhone.Deploy.0 = Release|Any CPU
		{5BE2B90C-EA6F-4318-BAF0-705FBD7C6A22}.Ad-Hoc|iPhoneSimulator.ActiveCfg = Release|Any CPU
		{5BE2B90C-EA6F-4318-BAF0-705FBD7C6A22}.Ad-Hoc|iPhoneSimulator.Build.0 = Release|Any CPU
		{5BE2B90C-EA6F-4318-BAF0-705FBD7C6A22}.Ad-Hoc|iPhoneSimulator.Deploy.0 = Release|Any CPU
		{5BE2B90C-EA6F-4318-BAF0-705FBD7C6A22}.AppStore|Any CPU.ActiveCfg = Release|Any CPU
		{5BE2B90C-EA6F-4318-BAF0-705FBD7C6A22}.AppStore|Any CPU.Build.0 = Release|Any CPU
		{5BE2B90C-EA6F-4318-BAF0-705FBD7C6A22}.AppStore|Any CPU.Deploy.0 = Release|Any CPU
		{5BE2B90C-EA6F-4318-BAF0-705FBD7C6A22}.AppStore|iPhone.ActiveCfg = Release|Any CPU
		{5BE2B90C-EA6F-4318-BAF0-705FBD7C6A22}.AppStore|iPhone.Build.0 = Release|Any CPU
		{5BE2B90C-EA6F-4318-BAF0-705FBD7C6A22}.AppStore|iPhone.Deploy.0 = Release|Any CPU
		{5BE2B90C-EA6F-4318-BAF0-705FBD7C6A22}.AppStore|iPhoneSimulator.ActiveCfg = Release|Any CPU
		{5BE2B90C-EA6F-4318-BAF0-705FBD7C6A22}.AppStore|iPhoneSimulator.Build.0 = Release|Any CPU
		{5BE2B90C-EA6F-4318-BAF0-705FBD7C6A22}.AppStore|iPhoneSimulator.Deploy.0 = Release|Any CPU
		{5BE2B90C-EA6F-4318-BAF0-705FBD7C6A22}.Debug|Any CPU.ActiveCfg = Debug|Any CPU
		{5BE2B90C-EA6F-4318-BAF0-705FBD7C6A22}.Debug|Any CPU.Build.0 = Debug|Any CPU
		{5BE2B90C-EA6F-4318-BAF0-705FBD7C6A22}.Debug|Any CPU.Deploy.0 = Debug|Any CPU
		{5BE2B90C-EA6F-4318-BAF0-705FBD7C6A22}.Debug|iPhone.ActiveCfg = Debug|Any CPU
		{5BE2B90C-EA6F-4318-BAF0-705FBD7C6A22}.Debug|iPhone.Build.0 = Debug|Any CPU
		{5BE2B90C-EA6F-4318-BAF0-705FBD7C6A22}.Debug|iPhone.Deploy.0 = Debug|Any CPU
		{5BE2B90C-EA6F-4318-BAF0-705FBD7C6A22}.Debug|iPhoneSimulator.ActiveCfg = Debug|Any CPU
		{5BE2B90C-EA6F-4318-BAF0-705FBD7C6A22}.Debug|iPhoneSimulator.Build.0 = Debug|Any CPU
		{5BE2B90C-EA6F-4318-BAF0-705FBD7C6A22}.Debug|iPhoneSimulator.Deploy.0 = Debug|Any CPU
		{5BE2B90C-EA6F-4318-BAF0-705FBD7C6A22}.Release|Any CPU.ActiveCfg = Release|Any CPU
		{5BE2B90C-EA6F-4318-BAF0-705FBD7C6A22}.Release|Any CPU.Build.0 = Release|Any CPU
		{5BE2B90C-EA6F-4318-BAF0-705FBD7C6A22}.Release|Any CPU.Deploy.0 = Release|Any CPU
		{5BE2B90C-EA6F-4318-BAF0-705FBD7C6A22}.Release|iPhone.ActiveCfg = Release|Any CPU
		{5BE2B90C-EA6F-4318-BAF0-705FBD7C6A22}.Release|iPhone.Build.0 = Release|Any CPU
		{5BE2B90C-EA6F-4318-BAF0-705FBD7C6A22}.Release|iPhone.Deploy.0 = Release|Any CPU
		{5BE2B90C-EA6F-4318-BAF0-705FBD7C6A22}.Release|iPhoneSimulator.ActiveCfg = Release|Any CPU
		{5BE2B90C-EA6F-4318-BAF0-705FBD7C6A22}.Release|iPhoneSimulator.Build.0 = Release|Any CPU
		{5BE2B90C-EA6F-4318-BAF0-705FBD7C6A22}.Release|iPhoneSimulator.Deploy.0 = Release|Any CPU
		{722EDA22-3D70-40B2-8487-E159B965572B}.Ad-Hoc|Any CPU.ActiveCfg = Release|iPhoneSimulator
		{722EDA22-3D70-40B2-8487-E159B965572B}.Ad-Hoc|Any CPU.Build.0 = Release|iPhoneSimulator
		{722EDA22-3D70-40B2-8487-E159B965572B}.Ad-Hoc|iPhone.ActiveCfg = Release|iPhone
		{722EDA22-3D70-40B2-8487-E159B965572B}.Ad-Hoc|iPhone.Build.0 = Release|iPhone
		{722EDA22-3D70-40B2-8487-E159B965572B}.Ad-Hoc|iPhoneSimulator.ActiveCfg = Release|iPhoneSimulator
		{722EDA22-3D70-40B2-8487-E159B965572B}.Ad-Hoc|iPhoneSimulator.Build.0 = Release|iPhoneSimulator
		{722EDA22-3D70-40B2-8487-E159B965572B}.AppStore|Any CPU.ActiveCfg = Release|iPhoneSimulator
		{722EDA22-3D70-40B2-8487-E159B965572B}.AppStore|Any CPU.Build.0 = Release|iPhoneSimulator
		{722EDA22-3D70-40B2-8487-E159B965572B}.AppStore|iPhone.ActiveCfg = Release|iPhone
		{722EDA22-3D70-40B2-8487-E159B965572B}.AppStore|iPhone.Build.0 = Release|iPhone
		{722EDA22-3D70-40B2-8487-E159B965572B}.AppStore|iPhoneSimulator.ActiveCfg = Release|iPhoneSimulator
		{722EDA22-3D70-40B2-8487-E159B965572B}.AppStore|iPhoneSimulator.Build.0 = Release|iPhoneSimulator
		{722EDA22-3D70-40B2-8487-E159B965572B}.Debug|Any CPU.ActiveCfg = Debug|iPhoneSimulator
		{722EDA22-3D70-40B2-8487-E159B965572B}.Debug|Any CPU.Build.0 = Debug|iPhoneSimulator
		{722EDA22-3D70-40B2-8487-E159B965572B}.Debug|Any CPU.Deploy.0 = Debug|iPhoneSimulator
		{722EDA22-3D70-40B2-8487-E159B965572B}.Debug|iPhone.ActiveCfg = Debug|iPhone
		{722EDA22-3D70-40B2-8487-E159B965572B}.Debug|iPhone.Build.0 = Debug|iPhone
		{722EDA22-3D70-40B2-8487-E159B965572B}.Debug|iPhone.Deploy.0 = Debug|iPhone
		{722EDA22-3D70-40B2-8487-E159B965572B}.Debug|iPhoneSimulator.ActiveCfg = Debug|iPhoneSimulator
		{722EDA22-3D70-40B2-8487-E159B965572B}.Debug|iPhoneSimulator.Build.0 = Debug|iPhoneSimulator
		{722EDA22-3D70-40B2-8487-E159B965572B}.Debug|iPhoneSimulator.Deploy.0 = Debug|iPhoneSimulator
		{722EDA22-3D70-40B2-8487-E159B965572B}.Release|Any CPU.ActiveCfg = Release|iPhone
		{722EDA22-3D70-40B2-8487-E159B965572B}.Release|Any CPU.Build.0 = Release|iPhone
		{722EDA22-3D70-40B2-8487-E159B965572B}.Release|Any CPU.Deploy.0 = Release|iPhone
		{722EDA22-3D70-40B2-8487-E159B965572B}.Release|iPhone.ActiveCfg = Release|iPhone
		{722EDA22-3D70-40B2-8487-E159B965572B}.Release|iPhone.Build.0 = Release|iPhone
		{722EDA22-3D70-40B2-8487-E159B965572B}.Release|iPhone.Deploy.0 = Release|iPhone
		{722EDA22-3D70-40B2-8487-E159B965572B}.Release|iPhoneSimulator.ActiveCfg = Release|iPhoneSimulator
		{722EDA22-3D70-40B2-8487-E159B965572B}.Release|iPhoneSimulator.Build.0 = Release|iPhoneSimulator
		{722EDA22-3D70-40B2-8487-E159B965572B}.Release|iPhoneSimulator.Deploy.0 = Release|iPhoneSimulator
		{B6A3BCE6-10D4-4197-99BF-35D38B82A8E4}.Ad-Hoc|Any CPU.ActiveCfg = Release|Any CPU
		{B6A3BCE6-10D4-4197-99BF-35D38B82A8E4}.Ad-Hoc|Any CPU.Build.0 = Release|Any CPU
		{B6A3BCE6-10D4-4197-99BF-35D38B82A8E4}.Ad-Hoc|iPhone.ActiveCfg = Release|Any CPU
		{B6A3BCE6-10D4-4197-99BF-35D38B82A8E4}.Ad-Hoc|iPhone.Build.0 = Release|Any CPU
		{B6A3BCE6-10D4-4197-99BF-35D38B82A8E4}.Ad-Hoc|iPhoneSimulator.ActiveCfg = Release|Any CPU
		{B6A3BCE6-10D4-4197-99BF-35D38B82A8E4}.Ad-Hoc|iPhoneSimulator.Build.0 = Release|Any CPU
		{B6A3BCE6-10D4-4197-99BF-35D38B82A8E4}.AppStore|Any CPU.ActiveCfg = Release|Any CPU
		{B6A3BCE6-10D4-4197-99BF-35D38B82A8E4}.AppStore|Any CPU.Build.0 = Release|Any CPU
		{B6A3BCE6-10D4-4197-99BF-35D38B82A8E4}.AppStore|iPhone.ActiveCfg = Release|Any CPU
		{B6A3BCE6-10D4-4197-99BF-35D38B82A8E4}.AppStore|iPhone.Build.0 = Release|Any CPU
		{B6A3BCE6-10D4-4197-99BF-35D38B82A8E4}.AppStore|iPhoneSimulator.ActiveCfg = Release|Any CPU
		{B6A3BCE6-10D4-4197-99BF-35D38B82A8E4}.AppStore|iPhoneSimulator.Build.0 = Release|Any CPU
		{B6A3BCE6-10D4-4197-99BF-35D38B82A8E4}.Debug|Any CPU.ActiveCfg = Debug|Any CPU
		{B6A3BCE6-10D4-4197-99BF-35D38B82A8E4}.Debug|Any CPU.Build.0 = Debug|Any CPU
		{B6A3BCE6-10D4-4197-99BF-35D38B82A8E4}.Debug|Any CPU.Deploy.0 = Debug|Any CPU
		{B6A3BCE6-10D4-4197-99BF-35D38B82A8E4}.Debug|iPhone.ActiveCfg = Debug|Any CPU
		{B6A3BCE6-10D4-4197-99BF-35D38B82A8E4}.Debug|iPhone.Build.0 = Debug|Any CPU
		{B6A3BCE6-10D4-4197-99BF-35D38B82A8E4}.Debug|iPhone.Deploy.0 = Debug|Any CPU
		{B6A3BCE6-10D4-4197-99BF-35D38B82A8E4}.Debug|iPhoneSimulator.ActiveCfg = Debug|Any CPU
		{B6A3BCE6-10D4-4197-99BF-35D38B82A8E4}.Debug|iPhoneSimulator.Build.0 = Debug|Any CPU
		{B6A3BCE6-10D4-4197-99BF-35D38B82A8E4}.Debug|iPhoneSimulator.Deploy.0 = Debug|Any CPU
		{B6A3BCE6-10D4-4197-99BF-35D38B82A8E4}.Release|Any CPU.ActiveCfg = Release|Any CPU
		{B6A3BCE6-10D4-4197-99BF-35D38B82A8E4}.Release|Any CPU.Build.0 = Release|Any CPU
		{B6A3BCE6-10D4-4197-99BF-35D38B82A8E4}.Release|Any CPU.Deploy.0 = Release|Any CPU
		{B6A3BCE6-10D4-4197-99BF-35D38B82A8E4}.Release|iPhone.ActiveCfg = Release|Any CPU
		{B6A3BCE6-10D4-4197-99BF-35D38B82A8E4}.Release|iPhone.Build.0 = Release|Any CPU
		{B6A3BCE6-10D4-4197-99BF-35D38B82A8E4}.Release|iPhone.Deploy.0 = Release|Any CPU
		{B6A3BCE6-10D4-4197-99BF-35D38B82A8E4}.Release|iPhoneSimulator.ActiveCfg = Release|Any CPU
		{B6A3BCE6-10D4-4197-99BF-35D38B82A8E4}.Release|iPhoneSimulator.Build.0 = Release|Any CPU
		{B6A3BCE6-10D4-4197-99BF-35D38B82A8E4}.Release|iPhoneSimulator.Deploy.0 = Release|Any CPU
	EndGlobalSection
	GlobalSection(SolutionProperties) = preSolution
		HideSolutionNode = FALSE
	EndGlobalSection
	GlobalSection(ExtensibilityGlobals) = postSolution
		SolutionGuid = {7C470DB2-81D7-43B7-AA36-26EC51D61F5B}
	EndGlobalSection
EndGlobal
